{
  "originHash" : "637ddcad8417d548ba8340bc9c9dd29613247e8350557ae3356976f7448d1e5f",
  "pins" : [
    {
      "identity" : "swift-http-types",
      "kind" : "remoteSourceControl",
      "location" : "https://github.com/apple/swift-http-types",
      "state" : {
        "revision" : "bff4b6903cdc99dda49649dd52f46c11cfd3ed50",
        "version" : "1.8.0"
      }
    }
  ],
  "version" : 3
}
